// !$*UTF8*$!
{
	archiveVersion = 1;
	classes = {
	};
	objectVersion = 50;
	objects = {

/* Begin PBXBuildFile section */
		25AB7BB72284E5B8008D5B9A /* TLAnalogJoystick.swift in Sources */ = {isa = PBXBuildFile; fileRef = 25AB7BB62284E5B8008D5B9A /* TLAnalogJoystick.swift */; };
		25AB7BB922857A71008D5B9A /* GameOverScene.swift in Sources */ = {isa = PBXBuildFile; fileRef = 25AB7BB822857A71008D5B9A /* GameOverScene.swift */; };
		25C6415322675D0000CE3D91 /* AppDelegate.swift in Sources */ = {isa = PBXBuildFile; fileRef = 25C6415222675D0000CE3D91 /* AppDelegate.swift */; };
		25C6415522675D0000CE3D91 /* GameScene.sks in Resources */ = {isa = PBXBuildFile; fileRef = 25C6415422675D0000CE3D91 /* GameScene.sks */; };
		25C6415722675D0000CE3D91 /* Actions.sks in Resources */ = {isa = PBXBuildFile; fileRef = 25C6415622675D0000CE3D91 /* Actions.sks */; };
		25C6415922675D0000CE3D91 /* GameScene.swift in Sources */ = {isa = PBXBuildFile; fileRef = 25C6415822675D0000CE3D91 /* GameScene.swift */; };
		25C6415B22675D0000CE3D91 /* GameViewController.swift in Sources */ = {isa = PBXBuildFile; fileRef = 25C6415A22675D0000CE3D91 /* GameViewController.swift */; };
		25C6415E22675D0000CE3D91 /* Main.storyboard in Resources */ = {isa = PBXBuildFile; fileRef = 25C6415C22675D0000CE3D91 /* Main.storyboard */; };
		25C6416022675D0200CE3D91 /* Assets.xcassets in Resources */ = {isa = PBXBuildFile; fileRef = 25C6415F22675D0200CE3D91 /* Assets.xcassets */; };
		25C6416322675D0200CE3D91 /* LaunchScreen.storyboard in Resources */ = {isa = PBXBuildFile; fileRef = 25C6416122675D0200CE3D91 /* LaunchScreen.storyboard */; };
/* End PBXBuildFile section */

/* Begin PBXFileReference section */
		25AB7BB62284E5B8008D5B9A /* TLAnalogJoystick.swift */ = {isa = PBXFileReference; fileEncoding = 4; lastKnownFileType = sourcecode.swift; path = TLAnalogJoystick.swift; sourceTree = "<group>"; };
		25AB7BB822857A71008D5B9A /* GameOverScene.swift */ = {isa = PBXFileReference; fileEncoding = 4; lastKnownFileType = sourcecode.swift; path = GameOverScene.swift; sourceTree = "<group>"; };
		25C6414F22675D0000CE3D91 /* FinalProj.app */ = {isa = PBXFileReference; explicitFileType = wrapper.application; includeInIndex = 0; path = FinalProj.app; sourceTree = BUILT_PRODUCTS_DIR; };
		25C6415222675D0000CE3D91 /* AppDelegate.swift */ = {isa = PBXFileReference; lastKnownFileType = sourcecode.swift; path = AppDelegate.swift; sourceTree = "<group>"; };
		25C6415422675D0000CE3D91 /* GameScene.sks */ = {isa = PBXFileReference; lastKnownFileType = file.sks; path = GameScene.sks; sourceTree = "<group>"; };
		25C6415622675D0000CE3D91 /* Actions.sks */ = {isa = PBXFileReference; lastKnownFileType = file.sks; path = Actions.sks; sourceTree = "<group>"; };
		25C6415822675D0000CE3D91 /* GameScene.swift */ = {isa = PBXFileReference; lastKnownFileType = sourcecode.swift; path = GameScene.swift; sourceTree = "<group>"; };
		25C6415A22675D0000CE3D91 /* GameViewController.swift */ = {isa = PBXFileReference; lastKnownFileType = sourcecode.swift; path = GameViewController.swift; sourceTree = "<group>"; };
		25C6415D22675D0000CE3D91 /* Base */ = {isa = PBXFileReference; lastKnownFileType = file.storyboard; name = Base; path = Base.lproj/Main.storyboard; sourceTree = "<group>"; };
		25C6415F22675D0200CE3D91 /* Assets.xcassets */ = {isa = PBXFileReference; lastKnownFileType = folder.assetcatalog; path = Assets.xcassets; sourceTree = "<group>"; };
		25C6416222675D0200CE3D91 /* Base */ = {isa = PBXFileReference; lastKnownFileType = file.storyboard; name = Base; path = Base.lproj/LaunchScreen.storyboard; sourceTree = "<group>"; };
		25C6416422675D0200CE3D91 /* Info.plist */ = {isa = PBXFileReference; lastKnownFileType = text.plist.xml; path = Info.plist; sourceTree = "<group>"; };
/* End PBXFileReference section */

/* Begin PBXFrameworksBuildPhase section */
		25C6414C22675D0000CE3D91 /* Frameworks */ = {
			isa = PBXFrameworksBuildPhase;
			buildActionMask = 2147483647;
			files = (
			);
			runOnlyForDeploymentPostprocessing = 0;
		};
/* End PBXFrameworksBuildPhase section */

/* Begin PBXGroup section */
		25C6414622675D0000CE3D91 = {
			isa = PBXGroup;
			children = (
				25C6415122675D0000CE3D91 /* FinalProj */,
				25C6415022675D0000CE3D91 /* Products */,
			);
			sourceTree = "<group>";
		};
		25C6415022675D0000CE3D91 /* Products */ = {
			isa = PBXGroup;
			children = (
				25C6414F22675D0000CE3D91 /* FinalProj.app */,
			);
			name = Products;
			sourceTree = "<group>";
		};
		25C6415122675D0000CE3D91 /* FinalProj */ = {
			isa = PBXGroup;
			children = (
				25C6415222675D0000CE3D91 /* AppDelegate.swift */,
				25C6415422675D0000CE3D91 /* GameScene.sks */,
				25C6415622675D0000CE3D91 /* Actions.sks */,
				25C6415822675D0000CE3D91 /* GameScene.swift */,
				25AB7BB62284E5B8008D5B9A /* TLAnalogJoystick.swift */,
				25C6415A22675D0000CE3D91 /* GameViewController.swift */,
				25C6415C22675D0000CE3D91 /* Main.storyboard */,
				25AB7BB822857A71008D5B9A /* GameOverScene.swift */,
				25C6415F22675D0200CE3D91 /* Assets.xcassets */,
				25C6416122675D0200CE3D91 /* LaunchScreen.storyboard */,
				25C6416422675D0200CE3D91 /* Info.plist */,
			);
			path = FinalProj;
			sourceTree = "<group>";
		};
/* End PBXGroup section */

/* Begin PBXNativeTarget section */
		25C6414E22675D0000CE3D91 /* FinalProj */ = {
			isa = PBXNativeTarget;
			buildConfigurationList = 25C6416722675D0200CE3D91 /* Build configuration list for PBXNativeTarget "FinalProj" */;
			buildPhases = (
				25C6414B22675D0000CE3D91 /* Sources */,
				25C6414C22675D0000CE3D91 /* Frameworks */,
				25C6414D22675D0000CE3D91 /* Resources */,
			);
			buildRules = (
			);
			dependencies = (
			);
			name = FinalProj;
			productName = FinalProj;
			productReference = 25C6414F22675D0000CE3D91 /* FinalProj.app */;
			productType = "com.apple.product-type.application";
		};
/* End PBXNativeTarget section */

/* Begin PBXProject section */
		25C6414722675D0000CE3D91 /* Project object */ = {
			isa = PBXProject;
			attributes = {
				LastSwiftUpdateCheck = 1020;
				LastUpgradeCheck = 1020;
				ORGANIZATIONNAME = "Sean Halstead";
				TargetAttributes = {
					25C6414E22675D0000CE3D91 = {
						CreatedOnToolsVersion = 10.2;
					};
				};
			};
			buildConfigurationList = 25C6414A22675D0000CE3D91 /* Build configuration list for PBXProject "FinalProj" */;
			compatibilityVersion = "Xcode 9.3";
			developmentRegion = en;
			hasScannedForEncodings = 0;
			knownRegions = (
				en,
				Base,
			);
			mainGroup = 25C6414622675D0000CE3D91;
			productRefGroup = 25C6415022675D0000CE3D91 /* Products */;
			projectDirPath = "";
			projectRoot = "";
			targets = (
				25C6414E22675D0000CE3D91 /* FinalProj */,
			);
		};
/* End PBXProject section */

/* Begin PBXResourcesBuildPhase section */
		25C6414D22675D0000CE3D91 /* Resources */ = {
			isa = PBXResourcesBuildPhase;
			buildActionMask = 2147483647;
			files = (
				25C6415E22675D0000CE3D91 /* Main.storyboard in Resources */,
				25C6415522675D0000CE3D91 /* GameScene.sks in Resources */,
				25C6416022675D0200CE3D91 /* Assets.xcassets in Resources */,
				25C6416322675D0200CE3D91 /* LaunchScreen.storyboard in Resources */,
				25C6415722675D0000CE3D91 /* Actions.sks in Resources */,
			);
			runOnlyForDeploymentPostprocessing = 0;
		};
/* End PBXResourcesBuildPhase section */

/* Begin PBXSourcesBuildPhase section */
		25C6414B22675D0000CE3D91 /* Sources */ = {
			isa = PBXSourcesBuildPhase;
			buildActionMask = 2147483647;
			files = (
				25AB7BB922857A71008D5B9A /* GameOverScene.swift in Sources */,
				25C6415922675D0000CE3D91 /* GameScene.swift in Sources */,
				25C6415B22675D0000CE3D91 /* GameViewController.swift in Sources */,
				25C6415322675D0000CE3D91 /* AppDelegate.swift in Sources */,
				25AB7BB72284E5B8008D5B9A /* TLAnalogJoystick.swift in Sources */,
			);
			runOnlyForDeploymentPostprocessing = 0;
		};
/* End PBXSourcesBuildPhase section */

/* Begin PBXVariantGroup section */
		25C6415C22675D0000CE3D91 /* Main.storyboard */ = {
			isa = PBXVariantGroup;
			children = (
				25C6415D22675D0000CE3D91 /* Base */,
			);
			name = Main.storyboard;
			sourceTree = "<group>";
		};
		25C6416122675D0200CE3D91 /* LaunchScreen.storyboard */ = {
			isa = PBXVariantGroup;
			children = (
				25C6416222675D0200CE3D91 /* Base */,
			);
			name = LaunchScreen.storyboard;
			sourceTree = "<group>";
		};
/* End PBXVariantGroup section */

/* Begin XCBuildConfiguration section */
		25C6416522675D0200CE3D91 /* Debug */ = {
			isa = XCBuildConfiguration;
			buildSettings = {
				ALWAYS_SEARCH_USER_PATHS = NO;
				CLANG_ANALYZER_NONNULL = YES;
				CLANG_ANALYZER_NUMBER_OBJECT_CONVERSION = YES_AGGRESSIVE;
				CLANG_CXX_LANGUAGE_STANDARD = "gnu++14";
				CLANG_CXX_LIBRARY = "libc++";
				CLANG_ENABLE_MODULES = YES;
				CLANG_ENABLE_OBJC_ARC = YES;
				CLANG_ENABLE_OBJC_WEAK = YES;
				CLANG_WARN_BLOCK_CAPTURE_AUTORELEASING = YES;
				CLANG_WARN_BOOL_CONVERSION = YES;
				CLANG_WARN_COMMA = YES;
				CLANG_WARN_CONSTANT_CONVERSION = YES;
				CLANG_WARN_DEPRECATED_OBJC_IMPLEMENTATIONS = YES;
				CLANG_WARN_DIRECT_OBJC_ISA_USAGE = YES_ERROR;
				CLANG_WARN_DOCUMENTATION_COMMENTS = YES;
				CLANG_WARN_EMPTY_BODY = YES;
				CLANG_WARN_ENUM_CONVERSION = YES;
				CLANG_WARN_INFINITE_RECURSION = YES;
				CLANG_WARN_INT_CONVERSION = YES;
				CLANG_WARN_NON_LITERAL_NULL_CONVERSION = YES;
				CLANG_WARN_OBJC_IMPLICIT_RETAIN_SELF = YES;
				CLANG_WARN_OBJC_LITERAL_CONVERSION = YES;
				CLANG_WARN_OBJC_ROOT_CLASS = YES_ERROR;
				CLANG_WARN_RANGE_LOOP_ANALYSIS = YES;
				CLANG_WARN_STRICT_PROTOTYPES = YES;
				CLANG_WARN_SUSPICIOUS_MOVE = YES;
				CLANG_WARN_UNGUARDED_AVAILABILITY = YES_AGGRESSIVE;
				CLANG_WARN_UNREACHABLE_CODE = YES;
				CLANG_WARN__DUPLICATE_METHOD_MATCH = YES;
				CODE_SIGN_IDENTITY = "iPhone Developer";
				COPY_PHASE_STRIP = NO;
				DEBUG_INFORMATION_FORMAT = dwarf;
				ENABLE_STRICT_OBJC_MSGSEND = YES;
				ENABLE_TESTABILITY = YES;
				GCC_C_LANGUAGE_STANDARD = gnu11;
				GCC_DYNAMIC_NO_PIC = NO;
				GCC_NO_COMMON_BLOCKS = YES;
				GCC_OPTIMIZATION_LEVEL = 0;
				GCC_PREPROCESSOR_DEFINITIONS = (
					"DEBUG=1",
					"$(inherited)",
				);
				GCC_WARN_64_TO_32_BIT_CONVERSION = YES;
				GCC_WARN_ABOUT_RETURN_TYPE = YES_ERROR;
				GCC_WARN_UNDECLARED_SELECTOR = YES;
				GCC_WARN_UNINITIALIZED_AUTOS = YES_AGGRESSIVE;
				GCC_WARN_UNUSED_FUNCTION = YES;
				GCC_WARN_UNUSED_VARIABLE = YES;
				IPHONEOS_DEPLOYMENT_TARGET = 12.2;
				MTL_ENABLE_DEBUG_INFO = INCLUDE_SOURCE;
				MTL_FAST_MATH = YES;
				ONLY_ACTIVE_ARCH = YES;
				SDKROOT = iphoneos;
				SWIFT_ACTIVE_COMPILATION_CONDITIONS = DEBUG;
				SWIFT_OPTIMIZATION_LEVEL = "-Onone";
			};
			name = Debug;
		};
		25C6416622675D0200CE3D91 /* Release */ = {
			isa = XCBuildConfiguration;
			buildSettings = {
				ALWAYS_SEARCH_USER_PATHS = NO;
				CLANG_ANALYZER_NONNULL = YES;
				CLANG_ANALYZER_NUMBER_OBJECT_CONVERSION = YES_AGGRESSIVE;
				CLANG_CXX_LANGUAGE_STANDARD = "gnu++14";
				CLANG_CXX_LIBRARY = "libc++";
				CLANG_ENABLE_MODULES = YES;
				CLANG_ENABLE_OBJC_ARC = YES;
				CLANG_ENABLE_OBJC_WEAK = YES;
				CLANG_WARN_BLOCK_CAPTURE_AUTORELEASING = YES;
				CLANG_WARN_BOOL_CONVERSION = YES;
				CLANG_WARN_COMMA = YES;
				CLANG_WARN_CONSTANT_CONVERSION = YES;
				CLANG_WARN_DEPRECATED_OBJC_IMPLEMENTATIONS = YES;
				CLANG_WARN_DIRECT_OBJC_ISA_USAGE = YES_ERROR;
				CLANG_WARN_DOCUMENTATION_COMMENTS = YES;
				CLANG_WARN_EMPTY_BODY = YES;
				CLANG_WARN_ENUM_CONVERSION = YES;
				CLANG_WARN_INFINITE_RECURSION = YES;
				CLANG_WARN_INT_CONVERSION = YES;
				CLANG_WARN_NON_LITERAL_NULL_CONVERSION = YES;
				CLANG_WARN_OBJC_IMPLICIT_RETAIN_SELF = YES;
				CLANG_WARN_OBJC_LITERAL_CONVERSION = YES;
				CLANG_WARN_OBJC_ROOT_CLASS = YES_ERROR;
				CLANG_WARN_RANGE_LOOP_ANALYSIS = YES;
				CLANG_WARN_STRICT_PROTOTYPES = YES;
				CLANG_WARN_SUSPICIOUS_MOVE = YES;
				CLANG_WARN_UNGUARDED_AVAILABILITY = YES_AGGRESSIVE;
				CLANG_WARN_UNREACHABLE_CODE = YES;
				CLANG_WARN__DUPLICATE_METHOD_MATCH = YES;
				CODE_SIGN_IDENTITY = "iPhone Developer";
				COPY_PHASE_STRIP = NO;
				DEBUG_INFORMATION_FORMAT = "dwarf-with-dsym";
				ENABLE_NS_ASSERTIONS = NO;
				ENABLE_STRICT_OBJC_MSGSEND = YES;
				GCC_C_LANGUAGE_STANDARD = gnu11;
				GCC_NO_COMMON_BLOCKS = YES;
				GCC_WARN_64_TO_32_BIT_CONVERSION = YES;
				GCC_WARN_ABOUT_RETURN_TYPE = YES_ERROR;
				GCC_WARN_UNDECLARED_SELECTOR = YES;
				GCC_WARN_UNINITIALIZED_AUTOS = YES_AGGRESSIVE;
				GCC_WARN_UNUSED_FUNCTION = YES;
				GCC_WARN_UNUSED_VARIABLE = YES;
				IPHONEOS_DEPLOYMENT_TARGET = 12.2;
				MTL_ENABLE_DEBUG_INFO = NO;
				MTL_FAST_MATH = YES;
				SDKROOT = iphoneos;
				SWIFT_COMPILATION_MODE = wholemodule;
				SWIFT_OPTIMIZATION_LEVEL = "-O";
				VALIDATE_PRODUCT = YES;
			};
			name = Release;
		};
		25C6416822675D0200CE3D91 /* Debug */ = {
			isa = XCBuildConfiguration;
			buildSettings = {
				ASSETCATALOG_COMPILER_APPICON_NAME = AppIcon;
				CODE_SIGN_STYLE = Automatic;
				INFOPLIST_FILE = FinalProj/Info.plist;
				LD_RUNPATH_SEARCH_PATHS = (
					"$(inherited)",
					"@executable_path/Frameworks",
				);
				PRODUCT_BUNDLE_IDENTIFIER = com.edu.FinalProj;
				PRODUCT_NAME = "$(TARGET_NAME)";
				SWIFT_VERSION = 4.2;
				TARGETED_DEVICE_FAMILY = "1,2";
			};
			name = Debug;
		};
		25C6416922675D0200CE3D91 /* Release */ = {
			isa = XCBuildConfiguration;
			buildSettings = {
				ASSETCATALOG_COMPILER_APPICON_NAME = AppIcon;
				CODE_SIGN_STYLE = Automatic;
				INFOPLIST_FILE = FinalProj/Info.plist;
				LD_RUNPATH_SEARCH_PATHS = (
					"$(inherited)",
					"@executable_path/Frameworks",
				);
				PRODUCT_BUNDLE_IDENTIFIER = com.edu.FinalProj;
				PRODUCT_NAME = "$(TARGET_NAME)";
				SWIFT_VERSION = 4.2;
				TARGETED_DEVICE_FAMILY = "1,2";
			};
			name = Release;
		};
/* End XCBuildConfiguration section */

/* Begin XCConfigurationList section */
		25C6414A22675D0000CE3D91 /* Build configuration list for PBXProject "FinalProj" */ = {
			isa = XCConfigurationList;
			buildConfigurations = (
				25C6416522675D0200CE3D91 /* Debug */,
				25C6416622675D0200CE3D91 /* Release */,
			);
			defaultConfigurationIsVisible = 0;
			defaultConfigurationName = Release;
		};
		25C6416722675D0200CE3D91 /* Build configuration list for PBXNativeTarget "FinalProj" */ = {
			isa = XCConfigurationList;
			buildConfigurations = (
				25C6416822675D0200CE3D91 /* Debug */,
				25C6416922675D0200CE3D91 /* Release */,
			);
			defaultConfigurationIsVisible = 0;
			defaultConfigurationName = Release;
		};
/* End XCConfigurationList section */
	};
	rootObject = 25C6414722675D0000CE3D91 /* Project object */;
}
